
Microsoft Visual Studio Solution File, Format Version 12.00
# Visual Studio Version 17
VisualStudioVersion = 17.14.36408.4 d17.14
MinimumVisualStudioVersion = 10.0.40219.1
Project("{FAE04EC0-301F-11D3-BF4B-00C04F79EFBC}") = "WeatherMonitor.WebApi", "WeatherMonitor.WebApi\WeatherMonitor.WebApi.csproj", "{F7B6632F-68BC-4598-884B-67CD055AEE31}"
EndProject
Global
	GlobalSection(SolutionConfigurationPlatforms) = preSolution
		Debug|Any CPU = Debug|Any CPU
		Release|Any CPU = Release|Any CPU
	EndGlobalSection
	GlobalSection(ProjectConfigurationPlatforms) = postSolution
		{F7B6632F-68BC-4598-884B-67CD055AEE31}.Debug|Any CPU.ActiveCfg = Debug|Any CPU
		{F7B6632F-68BC-4598-884B-67CD055AEE31}.Debug|Any CPU.Build.0 = Debug|Any CPU
		{F7B6632F-68BC-4598-884B-67CD055AEE31}.Release|Any CPU.ActiveCfg = Release|Any CPU
		{F7B6632F-68BC-4598-884B-67CD055AEE31}.Release|Any CPU.Build.0 = Release|Any CPU
	EndGlobalSection
	GlobalSection(SolutionProperties) = preSolution
		HideSolutionNode = FALSE
	EndGlobalSection
	GlobalSection(ExtensibilityGlobals) = postSolution
		SolutionGuid = {1ED3B778-0DF9-419D-BA70-8503600AC4A5}
	EndGlobalSection
EndGlobal
